// !$*UTF8*$!
{
	archiveVersion = 1;
	classes = {
	};
	objectVersion = 46;
	objects = {

/* Begin PBXBuildFile section */
		3EBD0A131C9C5C04008EEDC6 /* GameKit.framework in Frameworks */ = {isa = PBXBuildFile; fileRef = 3EBD0A121C9C5C04008EEDC6 /* GameKit.framework */; };
		B46025E81C99D185004FB771 /* AppDelegate.swift in Sources */ = {isa = PBXBuildFile; fileRef = B46025E71C99D185004FB771 /* AppDelegate.swift */; };
		B46025ED1C99D185004FB771 /* Main.storyboard in Resources */ = {isa = PBXBuildFile; fileRef = B46025EB1C99D185004FB771 /* Main.storyboard */; };
		B46025EF1C99D185004FB771 /* Assets.xcassets in Resources */ = {isa = PBXBuildFile; fileRef = B46025EE1C99D185004FB771 /* Assets.xcassets */; };
		B46025F21C99D185004FB771 /* LaunchScreen.storyboard in Resources */ = {isa = PBXBuildFile; fileRef = B46025F01C99D185004FB771 /* LaunchScreen.storyboard */; };
		B46025FE1C99D3A3004FB771 /* BaseViewController.swift in Sources */ = {isa = PBXBuildFile; fileRef = B46025FD1C99D3A3004FB771 /* BaseViewController.swift */; };
		B46026001C99E2F6004FB771 /* StartViewController.swift in Sources */ = {isa = PBXBuildFile; fileRef = B46025FF1C99E2F6004FB771 /* StartViewController.swift */; };
/* End PBXBuildFile section */

/* Begin PBXFileReference section */
		3EBD0A121C9C5C04008EEDC6 /* GameKit.framework */ = {isa = PBXFileReference; lastKnownFileType = wrapper.framework; name = GameKit.framework; path = System/Library/Frameworks/GameKit.framework; sourceTree = SDKROOT; };
		B46025E41C99D185004FB771 /* DontTapRedButton.app */ = {isa = PBXFileReference; explicitFileType = wrapper.application; includeInIndex = 0; path = DontTapRedButton.app; sourceTree = BUILT_PRODUCTS_DIR; };
		B46025E71C99D185004FB771 /* AppDelegate.swift */ = {isa = PBXFileReference; lastKnownFileType = sourcecode.swift; path = AppDelegate.swift; sourceTree = "<group>"; };
		B46025EC1C99D185004FB771 /* Base */ = {isa = PBXFileReference; lastKnownFileType = file.storyboard; name = Base; path = Base.lproj/Main.storyboard; sourceTree = "<group>"; };
		B46025EE1C99D185004FB771 /* Assets.xcassets */ = {isa = PBXFileReference; lastKnownFileType = folder.assetcatalog; path = Assets.xcassets; sourceTree = "<group>"; };
		B46025F11C99D185004FB771 /* Base */ = {isa = PBXFileReference; lastKnownFileType = file.storyboard; name = Base; path = Base.lproj/LaunchScreen.storyboard; sourceTree = "<group>"; };
		B46025F31C99D185004FB771 /* Info.plist */ = {isa = PBXFileReference; lastKnownFileType = text.plist.xml; path = Info.plist; sourceTree = "<group>"; };
		B46025FD1C99D3A3004FB771 /* BaseViewController.swift */ = {isa = PBXFileReference; fileEncoding = 4; lastKnownFileType = sourcecode.swift; path = BaseViewController.swift; sourceTree = "<group>"; };
		B46025FF1C99E2F6004FB771 /* StartViewController.swift */ = {isa = PBXFileReference; fileEncoding = 4; lastKnownFileType = sourcecode.swift; path = StartViewController.swift; sourceTree = "<group>"; };
/* End PBXFileReference section */

/* Begin PBXFrameworksBuildPhase section */
		B46025E11C99D185004FB771 /* Frameworks */ = {
			isa = PBXFrameworksBuildPhase;
			buildActionMask = 2147483647;
			files = (
				3EBD0A131C9C5C04008EEDC6 /* GameKit.framework in Frameworks */,
			);
			runOnlyForDeploymentPostprocessing = 0;
		};
/* End PBXFrameworksBuildPhase section */

/* Begin PBXGroup section */
		B46025DB1C99D185004FB771 = {
			isa = PBXGroup;
			children = (
				B46025E61C99D185004FB771 /* TaptheButton */,
				B46025E51C99D185004FB771 /* Products */,
				3EBD0A121C9C5C04008EEDC6 /* GameKit.framework */,
			);
			sourceTree = "<group>";
		};
		B46025E51C99D185004FB771 /* Products */ = {
			isa = PBXGroup;
			children = (
				B46025E41C99D185004FB771 /* DontTapRedButton.app */,
			);
			name = Products;
			sourceTree = "<group>";
		};
		B46025E61C99D185004FB771 /* TaptheButton */ = {
			isa = PBXGroup;
			children = (
				B46025E71C99D185004FB771 /* AppDelegate.swift */,
				B46025FF1C99E2F6004FB771 /* StartViewController.swift */,
				B46025FD1C99D3A3004FB771 /* BaseViewController.swift */,
				B46025EB1C99D185004FB771 /* Main.storyboard */,
				B46025EE1C99D185004FB771 /* Assets.xcassets */,
				B46025F01C99D185004FB771 /* LaunchScreen.storyboard */,
				B46025F31C99D185004FB771 /* Info.plist */,
			);
			path = TaptheButton;
			sourceTree = "<group>";
		};
/* End PBXGroup section */

/* Begin PBXNativeTarget section */
		B46025E31C99D185004FB771 /* DontTapRedButton */ = {
			isa = PBXNativeTarget;
			buildConfigurationList = B46025F61C99D185004FB771 /* Build configuration list for PBXNativeTarget "DontTapRedButton" */;
			buildPhases = (
				B46025E01C99D185004FB771 /* Sources */,
				B46025E11C99D185004FB771 /* Frameworks */,
				B46025E21C99D185004FB771 /* Resources */,
			);
			buildRules = (
			);
			dependencies = (
			);
			name = DontTapRedButton;
			productName = TaptheButton;
			productReference = B46025E41C99D185004FB771 /* DontTapRedButton.app */;
			productType = "com.apple.product-type.application";
		};
/* End PBXNativeTarget section */

/* Begin PBXProject section */
		B46025DC1C99D185004FB771 /* Project object */ = {
			isa = PBXProject;
			attributes = {
				LastSwiftUpdateCheck = 0720;
				LastUpgradeCheck = 0720;
				ORGANIZATIONNAME = "Chenglin Liu";
				TargetAttributes = {
					B46025E31C99D185004FB771 = {
						CreatedOnToolsVersion = 7.2.1;
						DevelopmentTeam = CYNFYQQLZ9;
						LastSwiftMigration = 0830;
						SystemCapabilities = {
							com.apple.DataProtection = {
								enabled = 1;
							};
							com.apple.GameCenter = {
								enabled = 1;
							};
						};
					};
				};
			};
			buildConfigurationList = B46025DF1C99D185004FB771 /* Build configuration list for PBXProject "DontTapRedButton" */;
			compatibilityVersion = "Xcode 3.2";
			developmentRegion = English;
			hasScannedForEncodings = 0;
			knownRegions = (
				en,
				Base,
			);
			mainGroup = B46025DB1C99D185004FB771;
			productRefGroup = B46025E51C99D185004FB771 /* Products */;
			projectDirPath = "";
			projectRoot = "";
			targets = (
				B46025E31C99D185004FB771 /* DontTapRedButton */,
			);
		};
/* End PBXProject section */

/* Begin PBXResourcesBuildPhase section */
		B46025E21C99D185004FB771 /* Resources */ = {
			isa = PBXResourcesBuildPhase;
			buildActionMask = 2147483647;
			files = (
				B46025F21C99D185004FB771 /* LaunchScreen.storyboard in Resources */,
				B46025EF1C99D185004FB771 /* Assets.xcassets in Resources */,
				B46025ED1C99D185004FB771 /* Main.storyboard in Resources */,
			);
			runOnlyForDeploymentPostprocessing = 0;
		};
/* End PBXResourcesBuildPhase section */

/* Begin PBXSourcesBuildPhase section */
		B46025E01C99D185004FB771 /* Sources */ = {
			isa = PBXSourcesBuildPhase;
			buildActionMask = 2147483647;
			files = (
				B46025E81C99D185004FB771 /* AppDelegate.swift in Sources */,
				B46025FE1C99D3A3004FB771 /* BaseViewController.swift in Sources */,
				B46026001C99E2F6004FB771 /* StartViewController.swift in Sources */,
			);
			runOnlyForDeploymentPostprocessing = 0;
		};
/* End PBXSourcesBuildPhase section */

/* Begin PBXVariantGroup section */
		B46025EB1C99D185004FB771 /* Main.storyboard */ = {
			isa = PBXVariantGroup;
			children = (
				B46025EC1C99D185004FB771 /* Base */,
			);
			name = Main.storyboard;
			sourceTree = "<group>";
		};
		B46025F01C99D185004FB771 /* LaunchScreen.storyboard */ = {
			isa = PBXVariantGroup;
			children = (
				B46025F11C99D185004FB771 /* Base */,
			);
			name = LaunchScreen.storyboard;
			sourceTree = "<group>";
		};
/* End PBXVariantGroup section */

/* Begin XCBuildConfiguration section */
		B46025F41C99D185004FB771 /* Debug */ = {
			isa = XCBuildConfiguration;
			buildSettings = {
				ALWAYS_SEARCH_USER_PATHS = NO;
				CLANG_CXX_LANGUAGE_STANDARD = "gnu++0x";
				CLANG_CXX_LIBRARY = "libc++";
				CLANG_ENABLE_MODULES = YES;
				CLANG_ENABLE_OBJC_ARC = YES;
				CLANG_WARN_BOOL_CONVERSION = YES;
				CLANG_WARN_CONSTANT_CONVERSION = YES;
				CLANG_WARN_DIRECT_OBJC_ISA_USAGE = YES_ERROR;
				CLANG_WARN_EMPTY_BODY = YES;
				CLANG_WARN_ENUM_CONVERSION = YES;
				CLANG_WARN_INT_CONVERSION = YES;
				CLANG_WARN_OBJC_ROOT_CLASS = YES_ERROR;
				CLANG_WARN_UNREACHABLE_CODE = YES;
				CLANG_WARN__DUPLICATE_METHOD_MATCH = YES;
				"CODE_SIGN_IDENTITY[sdk=iphoneos*]" = "iPhone Developer";
				COPY_PHASE_STRIP = NO;
				DEBUG_INFORMATION_FORMAT = dwarf;
				ENABLE_STRICT_OBJC_MSGSEND = YES;
				ENABLE_TESTABILITY = YES;
				GCC_C_LANGUAGE_STANDARD = gnu99;
				GCC_DYNAMIC_NO_PIC = NO;
				GCC_NO_COMMON_BLOCKS = YES;
				GCC_OPTIMIZATION_LEVEL = 0;
				GCC_PREPROCESSOR_DEFINITIONS = (
					"DEBUG=1",
					"$(inherited)",
				);
				GCC_WARN_64_TO_32_BIT_CONVERSION = YES;
				GCC_WARN_ABOUT_RETURN_TYPE = YES_ERROR;
				GCC_WARN_UNDECLARED_SELECTOR = YES;
				GCC_WARN_UNINITIALIZED_AUTOS = YES_AGGRESSIVE;
				GCC_WARN_UNUSED_FUNCTION = YES;
				GCC_WARN_UNUSED_VARIABLE = YES;
				IPHONEOS_DEPLOYMENT_TARGET = 9.0;
				MTL_ENABLE_DEBUG_INFO = YES;
				ONLY_ACTIVE_ARCH = YES;
				SDKROOT = iphoneos;
				SWIFT_OPTIMIZATION_LEVEL = "-Onone";
			};
			name = Debug;
		};
		B46025F51C99D185004FB771 /* Release */ = {
			isa = XCBuildConfiguration;
			buildSettings = {
				ALWAYS_SEARCH_USER_PATHS = NO;
				CLANG_CXX_LANGUAGE_STANDARD = "gnu++0x";
				CLANG_CXX_LIBRARY = "libc++";
				CLANG_ENABLE_MODULES = YES;
				CLANG_ENABLE_OBJC_ARC = YES;
				CLANG_WARN_BOOL_CONVERSION = YES;
				CLANG_WARN_CONSTANT_CONVERSION = YES;
				CLANG_WARN_DIRECT_OBJC_ISA_USAGE = YES_ERROR;
				CLANG_WARN_EMPTY_BODY = YES;
				CLANG_WARN_ENUM_CONVERSION = YES;
				CLANG_WARN_INT_CONVERSION = YES;
				CLANG_WARN_OBJC_ROOT_CLASS = YES_ERROR;
				CLANG_WARN_UNREACHABLE_CODE = YES;
				CLANG_WARN__DUPLICATE_METHOD_MATCH = YES;
				"CODE_SIGN_IDENTITY[sdk=iphoneos*]" = "iPhone Developer";
				COPY_PHASE_STRIP = NO;
				DEBUG_INFORMATION_FORMAT = "dwarf-with-dsym";
				ENABLE_NS_ASSERTIONS = NO;
				ENABLE_STRICT_OBJC_MSGSEND = YES;
				GCC_C_LANGUAGE_STANDARD = gnu99;
				GCC_NO_COMMON_BLOCKS = YES;
				GCC_WARN_64_TO_32_BIT_CONVERSION = YES;
				GCC_WARN_ABOUT_RETURN_TYPE = YES_ERROR;
				GCC_WARN_UNDECLARED_SELECTOR = YES;
				GCC_WARN_UNINITIALIZED_AUTOS = YES_AGGRESSIVE;
				GCC_WARN_UNUSED_FUNCTION = YES;
				GCC_WARN_UNUSED_VARIABLE = YES;
				IPHONEOS_DEPLOYMENT_TARGET = 9.0;
				MTL_ENABLE_DEBUG_INFO = NO;
				SDKROOT = iphoneos;
				VALIDATE_PRODUCT = YES;
			};
			name = Release;
		};
		B46025F71C99D185004FB771 /* Debug */ = {
			isa = XCBuildConfiguration;
			buildSettings = {
				ASSETCATALOG_COMPILER_APPICON_NAME = AppIcon;
				CODE_SIGN_IDENTITY = "iPhone Developer";
				"CODE_SIGN_IDENTITY[sdk=iphoneos*]" = "iPhone Developer";
				INFOPLIST_FILE = TaptheButton/Info.plist;
				LD_RUNPATH_SEARCH_PATHS = "$(inherited) @executable_path/Frameworks";
				OTHER_SWIFT_FLAGS = " -D DEBUG";
				PRODUCT_BUNDLE_IDENTIFIER = com.chenglin.TaptheButton;
				PRODUCT_NAME = DontTapRedButton;
				PROVISIONING_PROFILE = "";
				SWIFT_VERSION = 3.0;
				TARGETED_DEVICE_FAMILY = "1,2";
			};
			name = Debug;
		};
		B46025F81C99D185004FB771 /* Release */ = {
			isa = XCBuildConfiguration;
			buildSettings = {
				ASSETCATALOG_COMPILER_APPICON_NAME = AppIcon;
				CODE_SIGN_IDENTITY = "iPhone Developer";
				"CODE_SIGN_IDENTITY[sdk=iphoneos*]" = "iPhone Developer";
				INFOPLIST_FILE = TaptheButton/Info.plist;
				LD_RUNPATH_SEARCH_PATHS = "$(inherited) @executable_path/Frameworks";
				OTHER_SWIFT_FLAGS = "";
				PRODUCT_BUNDLE_IDENTIFIER = com.chenglin.TaptheButton;
				PRODUCT_NAME = DontTapRedButton;
				PROVISIONING_PROFILE = "";
				SWIFT_VERSION = 3.0;
				TARGETED_DEVICE_FAMILY = "1,2";
			};
			name = Release;
		};
/* End XCBuildConfiguration section */

/* Begin XCConfigurationList section */
		B46025DF1C99D185004FB771 /* Build configuration list for PBXProject "DontTapRedButton" */ = {
			isa = XCConfigurationList;
			buildConfigurations = (
				B46025F41C99D185004FB771 /* Debug */,
				B46025F51C99D185004FB771 /* Release */,
			);
			defaultConfigurationIsVisible = 0;
			defaultConfigurationName = Release;
		};
		B46025F61C99D185004FB771 /* Build configuration list for PBXNativeTarget "DontTapRedButton" */ = {
			isa = XCConfigurationList;
			buildConfigurations = (
				B46025F71C99D185004FB771 /* Debug */,
				B46025F81C99D185004FB771 /* Release */,
			);
			defaultConfigurationIsVisible = 0;
			defaultConfigurationName = Release;
		};
/* End XCConfigurationList section */
	};
	rootObject = B46025DC1C99D185004FB771 /* Project object */;
}
